
Microsoft Visual Studio Solution File, Format Version 12.00
# Visual Studio Version 16
VisualStudioVersion = 16.0.30517.126
MinimumVisualStudioVersion = 15.0.26124.0
Project("{9A19103F-16F7-4668-BE54-9A1E7A4F7556}") = "structural-equality-assessor", "structural-equality-assessor\structural-equality-assessor.csproj", "{98CC7AC9-D79E-45BC-9C17-1344B33A3DF4}"
EndProject
Project("{9A19103F-16F7-4668-BE54-9A1E7A4F7556}") = "structural-equality-assessor-test", "structural-equality-assessor-test\structural-equality-assessor-test.csproj", "{AFF1456D-D9CC-478E-9D9C-3955E9B419CA}"
EndProject
Project("{2150E333-8FDC-42A3-9474-1A3956D46DE8}") = "Solution Items", "Solution Items", "{711A64BC-5009-4929-B61F-2AFCA97CB087}"
	ProjectSection(SolutionItems) = preProject
		LICENSE = LICENSE
		README.md = README.md
	EndProjectSection
EndProject
Global
	GlobalSection(SolutionConfigurationPlatforms) = preSolution
		Debug|Any CPU = Debug|Any CPU
		Debug|x64 = Debug|x64
		Debug|x86 = Debug|x86
		Release|Any CPU = Release|Any CPU
		Release|x64 = Release|x64
		Release|x86 = Release|x86
	EndGlobalSection
	GlobalSection(ProjectConfigurationPlatforms) = postSolution
		{98CC7AC9-D79E-45BC-9C17-1344B33A3DF4}.Debug|Any CPU.ActiveCfg = Debug|Any CPU
		{98CC7AC9-D79E-45BC-9C17-1344B33A3DF4}.Debug|Any CPU.Build.0 = Debug|Any CPU
		{98CC7AC9-D79E-45BC-9C17-1344B33A3DF4}.Debug|x64.ActiveCfg = Debug|Any CPU
		{98CC7AC9-D79E-45BC-9C17-1344B33A3DF4}.Debug|x64.Build.0 = Debug|Any CPU
		{98CC7AC9-D79E-45BC-9C17-1344B33A3DF4}.Debug|x86.ActiveCfg = Debug|Any CPU
		{98CC7AC9-D79E-45BC-9C17-1344B33A3DF4}.Debug|x86.Build.0 = Debug|Any CPU
		{98CC7AC9-D79E-45BC-9C17-1344B33A3DF4}.Release|Any CPU.ActiveCfg = Release|Any CPU
		{98CC7AC9-D79E-45BC-9C17-1344B33A3DF4}.Release|Any CPU.Build.0 = Release|Any CPU
		{98CC7AC9-D79E-45BC-9C17-1344B33A3DF4}.Release|x64.ActiveCfg = Release|Any CPU
		{98CC7AC9-D79E-45BC-9C17-1344B33A3DF4}.Release|x64.Build.0 = Release|Any CPU
		{98CC7AC9-D79E-45BC-9C17-1344B33A3DF4}.Release|x86.ActiveCfg = Release|Any CPU
		{98CC7AC9-D79E-45BC-9C17-1344B33A3DF4}.Release|x86.Build.0 = Release|Any CPU
		{AFF1456D-D9CC-478E-9D9C-3955E9B419CA}.Debug|Any CPU.ActiveCfg = Debug|Any CPU
		{AFF1456D-D9CC-478E-9D9C-3955E9B419CA}.Debug|Any CPU.Build.0 = Debug|Any CPU
		{AFF1456D-D9CC-478E-9D9C-3955E9B419CA}.Debug|x64.ActiveCfg = Debug|Any CPU
		{AFF1456D-D9CC-478E-9D9C-3955E9B419CA}.Debug|x64.Build.0 = Debug|Any CPU
		{AFF1456D-D9CC-478E-9D9C-3955E9B419CA}.Debug|x86.ActiveCfg = Debug|Any CPU
		{AFF1456D-D9CC-478E-9D9C-3955E9B419CA}.Debug|x86.Build.0 = Debug|Any CPU
		{AFF1456D-D9CC-478E-9D9C-3955E9B419CA}.Release|Any CPU.ActiveCfg = Release|Any CPU
		{AFF1456D-D9CC-478E-9D9C-3955E9B419CA}.Release|Any CPU.Build.0 = Release|Any CPU
		{AFF1456D-D9CC-478E-9D9C-3955E9B419CA}.Release|x64.ActiveCfg = Release|Any CPU
		{AFF1456D-D9CC-478E-9D9C-3955E9B419CA}.Release|x64.Build.0 = Release|Any CPU
		{AFF1456D-D9CC-478E-9D9C-3955E9B419CA}.Release|x86.ActiveCfg = Release|Any CPU
		{AFF1456D-D9CC-478E-9D9C-3955E9B419CA}.Release|x86.Build.0 = Release|Any CPU
	EndGlobalSection
	GlobalSection(SolutionProperties) = preSolution
		HideSolutionNode = FALSE
	EndGlobalSection
	GlobalSection(ExtensibilityGlobals) = postSolution
		SolutionGuid = {5FF8866E-111D-484A-86A5-08EF884F5840}
	EndGlobalSection
EndGlobal
